PODS:
  - Flutter (1.0.0)
  - FXBlurView (1.6.4)
  - JRSwizzle (1.0)
  - mercado_pago_mobile_checkout (0.0.1):
    - Flutter
    - MercadoPagoSDK (~> 4.32.4)
    - MLCardDrawer (= 1.5.1)
    - MLCardForm (= 0.9.1)
  - MercadoPagoSDK (4.32.4):
    - MercadoPagoSDK/Default (= 4.32.4)
    - MLBusinessComponents (~> 1.0)
    - MLCardForm (~> 0.1)
  - MercadoPagoSDK/Default (4.32.4):
    - MLBusinessComponents (~> 1.0)
    - MLCardDrawer (~> 1.0)
    - MLCardForm (~> 0.1)
    - MLUI (~> 5.0)
  - MLBusinessComponents (1.28.0):
    - MLBusinessComponents/Default (= 1.28.0)
    - MLUI (~> 5.0)
  - MLBusinessComponents/Default (1.28.0):
    - MLUI (~> 5.0)
  - MLCardDrawer (1.5.1):
    - MLCardDrawer/Default (= 1.5.1)
  - MLCardDrawer/Default (1.5.1)
  - MLCardForm (0.9.1):
    - MLCardDrawer (~> 1.0)
    - MLCardForm/Default (= 0.9.1)
    - MLUI (~> 5.0)
  - MLCardForm/Default (0.9.1):
    - MLCardDrawer (~> 1.0)
    - MLUI (~> 5.0)
  - MLUI (5.25.0):
    - MLUI/ActionButton (= 5.25.0)
    - MLUI/Core (= 5.25.0)
    - MLUI/Helpers (= 5.25.0)
    - MLUI/MLButton (= 5.25.0)
    - MLUI/MLCheckBox (= 5.25.0)
    - MLUI/MLColorPalette (= 5.25.0)
    - MLUI/MLContextualMenu (= 5.25.0)
    - MLUI/MLFonts (= 5.25.0)
    - MLUI/MLFullscreenModal (= 5.25.0)
    - MLUI/MLGenericErrorView (= 5.25.0)
    - MLUI/MLHeader (= 5.25.0)
    - MLUI/MLHtml (= 5.25.0)
    - MLUI/MLModal (= 5.25.0)
    - MLUI/MLRadioButton (= 5.25.0)
    - MLUI/MLSnackBar (= 5.25.0)
    - MLUI/MLSpacing (= 5.25.0)
    - MLUI/MLSpinner (= 5.25.0)
    - MLUI/MLSwitch (= 5.25.0)
    - MLUI/MLTextView (= 5.25.0)
    - MLUI/MLTitledMultiLineTextField (= 5.25.0)
    - MLUI/MLTitledSingleLineTextField (= 5.25.0)
    - MLUI/PriceView (= 5.25.0)
    - MLUI/SnackBarView (= 5.25.0)
    - MLUI/StyleSheet (= 5.25.0)
  - MLUI/ActionButton (5.25.0):
    - MLUI/Core
  - MLUI/Core (5.25.0):
    - MLUI/MLFonts
  - MLUI/Helpers (5.25.0)
  - MLUI/MLButton (5.25.0):
    - MLUI/Core
    - MLUI/MLColorPalette
    - MLUI/MLFonts
    - MLUI/MLSpinner
    - MLUI/StyleSheet
  - MLUI/MLCheckBox (5.25.0):
    - MLUI/MLColorPalette
    - MLUI/StyleSheet
  - MLUI/MLColorPalette (5.25.0)
  - MLUI/MLContextualMenu (5.25.0):
    - MLUI/MLColorPalette
    - MLUI/MLFonts
  - MLUI/MLFonts (5.25.0):
    - JRSwizzle (= 1.0)
    - MLUI/Helpers
    - MLUI/StyleSheet
  - MLUI/MLFullscreenModal (5.25.0):
    - FXBlurView (~> 1.6)
    - MLUI/Core
    - MLUI/MLButton
    - MLUI/MLColorPalette
    - MLUI/MLFonts
    - MLUI/MLHeader
    - MLUI/StyleSheet
  - MLUI/MLGenericErrorView (5.25.0):
    - MLUI/MLButton
    - MLUI/MLColorPalette
    - MLUI/MLSpacing
  - MLUI/MLHeader (5.25.0):
    - MLUI/MLColorPalette
    - MLUI/StyleSheet
  - MLUI/MLHtml (5.25.0):
    - MLUI/MLFonts
  - MLUI/MLModal (5.25.0):
    - FXBlurView (~> 1.6)
    - MLUI/Core
    - MLUI/MLButton
    - MLUI/MLColorPalette
    - MLUI/MLFonts
    - MLUI/StyleSheet
  - MLUI/MLRadioButton (5.25.0):
    - MLUI/StyleSheet
  - MLUI/MLSnackBar (5.25.0):
    - MLUI/Helpers
    - MLUI/MLButton
    - MLUI/MLColorPalette
    - MLUI/MLFonts
  - MLUI/MLSpacing (5.25.0):
    - JRSwizzle (= 1.0)
    - MLUI/MLFonts
  - MLUI/MLSpinner (5.25.0):
    - MLUI/MLColorPalette
    - MLUI/MLFonts
    - MLUI/StyleSheet
  - MLUI/MLSwitch (5.25.0):
    - MLUI/Helpers
    - MLUI/MLColorPalette
  - MLUI/MLTextView (5.25.0):
    - MLUI/MLColorPalette
    - MLUI/MLFonts
  - MLUI/MLTitledMultiLineTextField (5.25.0):
    - MLUI/MLColorPalette
    - MLUI/MLFonts
    - MLUI/MLTitledSingleLineTextField
    - MLUI/StyleSheet
  - MLUI/MLTitledSingleLineTextField (5.25.0):
    - MLUI/MLColorPalette
    - MLUI/MLFonts
    - MLUI/StyleSheet
  - MLUI/PriceView (5.25.0):
    - MLUI/Core
    - MLUI/MLFonts
  - MLUI/SnackBarView (5.25.0):
    - MLUI/Helpers
    - MLUI/MLFonts
  - MLUI/StyleSheet (5.25.0)

DEPENDENCIES:
  - Flutter (from `Flutter`)
  - mercado_pago_mobile_checkout (from `.symlinks/plugins/mercado_pago_mobile_checkout/ios`)

SPEC REPOS:
  trunk:
    - FXBlurView
    - JRSwizzle
    - MercadoPagoSDK
    - MLBusinessComponents
    - MLCardDrawer
    - MLCardForm
    - MLUI

EXTERNAL SOURCES:
  Flutter:
    :path: Flutter
  mercado_pago_mobile_checkout:
    :path: ".symlinks/plugins/mercado_pago_mobile_checkout/ios"

SPEC CHECKSUMS:
  Flutter: 0e3d915762c693b495b44d77113d4970485de6ec
  FXBlurView: db786c2561cb49a09ae98407f52460096ab8a44f
  JRSwizzle: dd5ead5d913a0f29e7f558200165849f006bb1e3
  mercado_pago_mobile_checkout: 3d11d35a55b87bbc6ccc2c240b7d98344a6b73e2
  MercadoPagoSDK: 634fc8a9fe7f99f4d73506659c68cdbb885407fc
  MLBusinessComponents: 956bdba0551973a81a1251a6c2202a70db938044
  MLCardDrawer: 2ae367238699c790a143b14c8280ad75495f6fee
  MLCardForm: 150fe3caf0f986340431f3e8d863b771ee2dfab1
  MLUI: db4e5bb3aae6884212dcf1213d76b65c5cd26464

PODFILE CHECKSUM: af3c920d3225de4d2cd64fcbfe0dd6f7e7aa4ad8

COCOAPODS: 1.10.0
